
Microsoft Visual Studio Solution File, Format Version 12.00
# Visual Studio Version 18
VisualStudioVersion = 18.0.11222.15
MinimumVisualStudioVersion = 10.0.40219.1
Project("{FAE04EC0-301F-11D3-BF4B-00C04F79EFBC}") = "DaprOneService.API", "DaprOneService.API\DaprOneService.API.csproj", "{199E0064-3038-4702-97B7-B5DDB52EC71E}"
EndProject
Project("{FAE04EC0-301F-11D3-BF4B-00C04F79EFBC}") = "DaprTwoService.API", "DaprTwoService.API\DaprTwoService.API.csproj", "{32940431-40B5-48FA-AFFB-682D38FD93C1}"
EndProject
Project("{FAE04EC0-301F-11D3-BF4B-00C04F79EFBC}") = "DaprPlayground.Events", "DaprPlayground.Events\DaprPlayground.Events.csproj", "{7B860C3E-368F-4438-93FE-9D95D16DB578}"
EndProject
Project("{E53339B2-1760-4266-BCC7-CA923CBCF16C}") = "docker-compose", "docker-compose.dcproj", "{81DDED9D-158B-E303-5F62-77A2896D2A5A}"
EndProject
Project("{FAE04EC0-301F-11D3-BF4B-00C04F79EFBC}") = "Observability", "Observability\Observability.csproj", "{0366E007-B688-8FF8-514C-CC3D4F6AA5C9}"
EndProject
Global
	GlobalSection(SolutionConfigurationPlatforms) = preSolution
		Debug|Any CPU = Debug|Any CPU
		Debug|x64 = Debug|x64
		Debug|x86 = Debug|x86
		Release|Any CPU = Release|Any CPU
		Release|x64 = Release|x64
		Release|x86 = Release|x86
	EndGlobalSection
	GlobalSection(ProjectConfigurationPlatforms) = postSolution
		{199E0064-3038-4702-97B7-B5DDB52EC71E}.Debug|Any CPU.ActiveCfg = Debug|Any CPU
		{199E0064-3038-4702-97B7-B5DDB52EC71E}.Debug|Any CPU.Build.0 = Debug|Any CPU
		{199E0064-3038-4702-97B7-B5DDB52EC71E}.Debug|x64.ActiveCfg = Debug|Any CPU
		{199E0064-3038-4702-97B7-B5DDB52EC71E}.Debug|x64.Build.0 = Debug|Any CPU
		{199E0064-3038-4702-97B7-B5DDB52EC71E}.Debug|x86.ActiveCfg = Debug|Any CPU
		{199E0064-3038-4702-97B7-B5DDB52EC71E}.Debug|x86.Build.0 = Debug|Any CPU
		{199E0064-3038-4702-97B7-B5DDB52EC71E}.Release|Any CPU.ActiveCfg = Release|Any CPU
		{199E0064-3038-4702-97B7-B5DDB52EC71E}.Release|Any CPU.Build.0 = Release|Any CPU
		{199E0064-3038-4702-97B7-B5DDB52EC71E}.Release|x64.ActiveCfg = Release|Any CPU
		{199E0064-3038-4702-97B7-B5DDB52EC71E}.Release|x64.Build.0 = Release|Any CPU
		{199E0064-3038-4702-97B7-B5DDB52EC71E}.Release|x86.ActiveCfg = Release|Any CPU
		{199E0064-3038-4702-97B7-B5DDB52EC71E}.Release|x86.Build.0 = Release|Any CPU
		{32940431-40B5-48FA-AFFB-682D38FD93C1}.Debug|Any CPU.ActiveCfg = Debug|Any CPU
		{32940431-40B5-48FA-AFFB-682D38FD93C1}.Debug|Any CPU.Build.0 = Debug|Any CPU
		{32940431-40B5-48FA-AFFB-682D38FD93C1}.Debug|x64.ActiveCfg = Debug|Any CPU
		{32940431-40B5-48FA-AFFB-682D38FD93C1}.Debug|x64.Build.0 = Debug|Any CPU
		{32940431-40B5-48FA-AFFB-682D38FD93C1}.Debug|x86.ActiveCfg = Debug|Any CPU
		{32940431-40B5-48FA-AFFB-682D38FD93C1}.Debug|x86.Build.0 = Debug|Any CPU
		{32940431-40B5-48FA-AFFB-682D38FD93C1}.Release|Any CPU.ActiveCfg = Release|Any CPU
		{32940431-40B5-48FA-AFFB-682D38FD93C1}.Release|Any CPU.Build.0 = Release|Any CPU
		{32940431-40B5-48FA-AFFB-682D38FD93C1}.Release|x64.ActiveCfg = Release|Any CPU
		{32940431-40B5-48FA-AFFB-682D38FD93C1}.Release|x64.Build.0 = Release|Any CPU
		{32940431-40B5-48FA-AFFB-682D38FD93C1}.Release|x86.ActiveCfg = Release|Any CPU
		{32940431-40B5-48FA-AFFB-682D38FD93C1}.Release|x86.Build.0 = Release|Any CPU
		{7B860C3E-368F-4438-93FE-9D95D16DB578}.Debug|Any CPU.ActiveCfg = Debug|Any CPU
		{7B860C3E-368F-4438-93FE-9D95D16DB578}.Debug|Any CPU.Build.0 = Debug|Any CPU
		{7B860C3E-368F-4438-93FE-9D95D16DB578}.Debug|x64.ActiveCfg = Debug|Any CPU
		{7B860C3E-368F-4438-93FE-9D95D16DB578}.Debug|x64.Build.0 = Debug|Any CPU
		{7B860C3E-368F-4438-93FE-9D95D16DB578}.Debug|x86.ActiveCfg = Debug|Any CPU
		{7B860C3E-368F-4438-93FE-9D95D16DB578}.Debug|x86.Build.0 = Debug|Any CPU
		{7B860C3E-368F-4438-93FE-9D95D16DB578}.Release|Any CPU.ActiveCfg = Release|Any CPU
		{7B860C3E-368F-4438-93FE-9D95D16DB578}.Release|Any CPU.Build.0 = Release|Any CPU
		{7B860C3E-368F-4438-93FE-9D95D16DB578}.Release|x64.ActiveCfg = Release|Any CPU
		{7B860C3E-368F-4438-93FE-9D95D16DB578}.Release|x64.Build.0 = Release|Any CPU
		{7B860C3E-368F-4438-93FE-9D95D16DB578}.Release|x86.ActiveCfg = Release|Any CPU
		{7B860C3E-368F-4438-93FE-9D95D16DB578}.Release|x86.Build.0 = Release|Any CPU
		{81DDED9D-158B-E303-5F62-77A2896D2A5A}.Debug|Any CPU.ActiveCfg = Debug|Any CPU
		{81DDED9D-158B-E303-5F62-77A2896D2A5A}.Debug|Any CPU.Build.0 = Debug|Any CPU
		{81DDED9D-158B-E303-5F62-77A2896D2A5A}.Debug|x64.ActiveCfg = Debug|Any CPU
		{81DDED9D-158B-E303-5F62-77A2896D2A5A}.Debug|x64.Build.0 = Debug|Any CPU
		{81DDED9D-158B-E303-5F62-77A2896D2A5A}.Debug|x86.ActiveCfg = Debug|Any CPU
		{81DDED9D-158B-E303-5F62-77A2896D2A5A}.Debug|x86.Build.0 = Debug|Any CPU
		{81DDED9D-158B-E303-5F62-77A2896D2A5A}.Release|Any CPU.ActiveCfg = Release|Any CPU
		{81DDED9D-158B-E303-5F62-77A2896D2A5A}.Release|Any CPU.Build.0 = Release|Any CPU
		{81DDED9D-158B-E303-5F62-77A2896D2A5A}.Release|x64.ActiveCfg = Release|Any CPU
		{81DDED9D-158B-E303-5F62-77A2896D2A5A}.Release|x64.Build.0 = Release|Any CPU
		{81DDED9D-158B-E303-5F62-77A2896D2A5A}.Release|x86.ActiveCfg = Release|Any CPU
		{81DDED9D-158B-E303-5F62-77A2896D2A5A}.Release|x86.Build.0 = Release|Any CPU
		{0366E007-B688-8FF8-514C-CC3D4F6AA5C9}.Debug|Any CPU.ActiveCfg = Debug|Any CPU
		{0366E007-B688-8FF8-514C-CC3D4F6AA5C9}.Debug|Any CPU.Build.0 = Debug|Any CPU
		{0366E007-B688-8FF8-514C-CC3D4F6AA5C9}.Debug|x64.ActiveCfg = Debug|Any CPU
		{0366E007-B688-8FF8-514C-CC3D4F6AA5C9}.Debug|x64.Build.0 = Debug|Any CPU
		{0366E007-B688-8FF8-514C-CC3D4F6AA5C9}.Debug|x86.ActiveCfg = Debug|Any CPU
		{0366E007-B688-8FF8-514C-CC3D4F6AA5C9}.Debug|x86.Build.0 = Debug|Any CPU
		{0366E007-B688-8FF8-514C-CC3D4F6AA5C9}.Release|Any CPU.ActiveCfg = Release|Any CPU
		{0366E007-B688-8FF8-514C-CC3D4F6AA5C9}.Release|Any CPU.Build.0 = Release|Any CPU
		{0366E007-B688-8FF8-514C-CC3D4F6AA5C9}.Release|x64.ActiveCfg = Release|Any CPU
		{0366E007-B688-8FF8-514C-CC3D4F6AA5C9}.Release|x64.Build.0 = Release|Any CPU
		{0366E007-B688-8FF8-514C-CC3D4F6AA5C9}.Release|x86.ActiveCfg = Release|Any CPU
		{0366E007-B688-8FF8-514C-CC3D4F6AA5C9}.Release|x86.Build.0 = Release|Any CPU
	EndGlobalSection
	GlobalSection(SolutionProperties) = preSolution
		HideSolutionNode = FALSE
	EndGlobalSection
	GlobalSection(ExtensibilityGlobals) = postSolution
		SolutionGuid = {21A16446-5E43-456F-8101-D641076DC706}
	EndGlobalSection
EndGlobal
